
Microsoft Visual Studio Solution File, Format Version 12.00
# Visual Studio Version 17
VisualStudioVersion = 17.11.35312.102
MinimumVisualStudioVersion = 10.0.40219.1
Project("{FAE04EC0-301F-11D3-BF4B-00C04F79EFBC}") = "Delegate,Function", "Delegate,Function\Delegate,Function.csproj", "{CCEB39BE-2BA0-4430-B7C4-4F9372CFE09B}"
EndProject
Global
	GlobalSection(SolutionConfigurationPlatforms) = preSolution
		Debug|Any CPU = Debug|Any CPU
		Release|Any CPU = Release|Any CPU
	EndGlobalSection
	GlobalSection(ProjectConfigurationPlatforms) = postSolution
		{CCEB39BE-2BA0-4430-B7C4-4F9372CFE09B}.Debug|Any CPU.ActiveCfg = Debug|Any CPU
		{CCEB39BE-2BA0-4430-B7C4-4F9372CFE09B}.Debug|Any CPU.Build.0 = Debug|Any CPU
		{CCEB39BE-2BA0-4430-B7C4-4F9372CFE09B}.Release|Any CPU.ActiveCfg = Release|Any CPU
		{CCEB39BE-2BA0-4430-B7C4-4F9372CFE09B}.Release|Any CPU.Build.0 = Release|Any CPU
	EndGlobalSection
	GlobalSection(SolutionProperties) = preSolution
		HideSolutionNode = FALSE
	EndGlobalSection
	GlobalSection(ExtensibilityGlobals) = postSolution
		SolutionGuid = {E35E0F0E-5092-4C53-ADA9-86F24431F198}
	EndGlobalSection
EndGlobal
